
Microsoft Visual Studio Solution File, Format Version 12.00
# Visual Studio Version 16
VisualStudioVersion = 16.0.30907.101
MinimumVisualStudioVersion = 10.0.40219.1
Project("{9A19103F-16F7-4668-BE54-9A1E7A4F7556}") = "DataAccess", "DataAccess\DataAccess.csproj", "{A7B9E52D-86DC-4F2F-9654-87FF50AF42DF}"
EndProject
Project("{9A19103F-16F7-4668-BE54-9A1E7A4F7556}") = "Business", "Business\Business.csproj", "{E55DD92D-0902-43A5-991A-4CB3DA3BFC37}"
EndProject
Project("{9A19103F-16F7-4668-BE54-9A1E7A4F7556}") = "Entities", "Entities\Entities.csproj", "{325EED65-19A5-4839-AF37-F026DB3DF334}"
EndProject
Project("{9A19103F-16F7-4668-BE54-9A1E7A4F7556}") = "ConsoleUI", "ConsoleUI\ConsoleUI.csproj", "{2DECCE0D-82B6-479B-9F45-9EE5DC58A97B}"
EndProject
Project("{9A19103F-16F7-4668-BE54-9A1E7A4F7556}") = "Core", "Core\Core.csproj", "{6B520827-8487-4576-B8CF-8E403BC8059D}"
EndProject
Project("{FAE04EC0-301F-11D3-BF4B-00C04F79EFBC}") = "WebAPI", "WebAPI\WebAPI.csproj", "{B1E89E9E-E9C2-46EA-9C3C-60001B6A92AE}"
EndProject
Global
	GlobalSection(SolutionConfigurationPlatforms) = preSolution
		Debug|Any CPU = Debug|Any CPU
		Release|Any CPU = Release|Any CPU
	EndGlobalSection
	GlobalSection(ProjectConfigurationPlatforms) = postSolution
		{A7B9E52D-86DC-4F2F-9654-87FF50AF42DF}.Debug|Any CPU.ActiveCfg = Debug|Any CPU
		{A7B9E52D-86DC-4F2F-9654-87FF50AF42DF}.Debug|Any CPU.Build.0 = Debug|Any CPU
		{A7B9E52D-86DC-4F2F-9654-87FF50AF42DF}.Release|Any CPU.ActiveCfg = Release|Any CPU
		{A7B9E52D-86DC-4F2F-9654-87FF50AF42DF}.Release|Any CPU.Build.0 = Release|Any CPU
		{E55DD92D-0902-43A5-991A-4CB3DA3BFC37}.Debug|Any CPU.ActiveCfg = Debug|Any CPU
		{E55DD92D-0902-43A5-991A-4CB3DA3BFC37}.Debug|Any CPU.Build.0 = Debug|Any CPU
		{E55DD92D-0902-43A5-991A-4CB3DA3BFC37}.Release|Any CPU.ActiveCfg = Release|Any CPU
		{E55DD92D-0902-43A5-991A-4CB3DA3BFC37}.Release|Any CPU.Build.0 = Release|Any CPU
		{325EED65-19A5-4839-AF37-F026DB3DF334}.Debug|Any CPU.ActiveCfg = Debug|Any CPU
		{325EED65-19A5-4839-AF37-F026DB3DF334}.Debug|Any CPU.Build.0 = Debug|Any CPU
		{325EED65-19A5-4839-AF37-F026DB3DF334}.Release|Any CPU.ActiveCfg = Release|Any CPU
		{325EED65-19A5-4839-AF37-F026DB3DF334}.Release|Any CPU.Build.0 = Release|Any CPU
		{2DECCE0D-82B6-479B-9F45-9EE5DC58A97B}.Debug|Any CPU.ActiveCfg = Debug|Any CPU
		{2DECCE0D-82B6-479B-9F45-9EE5DC58A97B}.Debug|Any CPU.Build.0 = Debug|Any CPU
		{2DECCE0D-82B6-479B-9F45-9EE5DC58A97B}.Release|Any CPU.ActiveCfg = Release|Any CPU
		{2DECCE0D-82B6-479B-9F45-9EE5DC58A97B}.Release|Any CPU.Build.0 = Release|Any CPU
		{6B520827-8487-4576-B8CF-8E403BC8059D}.Debug|Any CPU.ActiveCfg = Debug|Any CPU
		{6B520827-8487-4576-B8CF-8E403BC8059D}.Debug|Any CPU.Build.0 = Debug|Any CPU
		{6B520827-8487-4576-B8CF-8E403BC8059D}.Release|Any CPU.ActiveCfg = Release|Any CPU
		{6B520827-8487-4576-B8CF-8E403BC8059D}.Release|Any CPU.Build.0 = Release|Any CPU
		{B1E89E9E-E9C2-46EA-9C3C-60001B6A92AE}.Debug|Any CPU.ActiveCfg = Debug|Any CPU
		{B1E89E9E-E9C2-46EA-9C3C-60001B6A92AE}.Debug|Any CPU.Build.0 = Debug|Any CPU
		{B1E89E9E-E9C2-46EA-9C3C-60001B6A92AE}.Release|Any CPU.ActiveCfg = Release|Any CPU
		{B1E89E9E-E9C2-46EA-9C3C-60001B6A92AE}.Release|Any CPU.Build.0 = Release|Any CPU
	EndGlobalSection
	GlobalSection(SolutionProperties) = preSolution
		HideSolutionNode = FALSE
	EndGlobalSection
	GlobalSection(ExtensibilityGlobals) = postSolution
		SolutionGuid = {7337286A-3E0F-46CA-B10B-9990BAF1203E}
	EndGlobalSection
EndGlobal
